Microsoft Visual Studio Solution File, Format Version 12.00
# Visual Studio 15
VisualStudioVersion = 15.0.28307.572
MinimumVisualStudioVersion = 10.0.40219.1
Project("{FAE04EC0-301F-11D3-BF4B-00C04F79EFBC}") = "SlowRenderer", "SlowRenderer\SlowRenderer.csproj", "{0650AEF0-BA44-414A-9199-D4BC77D08A46}"
EndProject
Global
	GlobalSection(SolutionConfigurationPlatforms) = preSolution
		Debug|anycpu = Debug|anycpu
		Release|anycpu = Release|anycpu
	EndGlobalSection
	GlobalSection(ProjectConfigurationPlatforms) = postSolution
		{0650AEF0-BA44-414A-9199-D4BC77D08A46}.Debug|anycpu.ActiveCfg = Debug|Any CPU
		{0650AEF0-BA44-414A-9199-D4BC77D08A46}.Debug|anycpu.Build.0 = Debug|Any CPU
		{0650AEF0-BA44-414A-9199-D4BC77D08A46}.Release|anycpu.ActiveCfg = Release|Any CPU
		{0650AEF0-BA44-414A-9199-D4BC77D08A46}.Release|anycpu.Build.0 = Release|Any CPU
	EndGlobalSection
	GlobalSection(SolutionProperties) = preSolution
		HideSolutionNode = FALSE
	EndGlobalSection
	GlobalSection(ExtensibilityGlobals) = postSolution
		SolutionGuid = {192E7990-4182-4A3F-B79E-F4B42765C3E8}
	EndGlobalSection
EndGlobal
